// !$*UTF8*$!
{
	archiveVersion = 1;
	classes = {
	};
	objectVersion = 77;
	objects = {

/* Begin PBXBuildFile section */
		687010092D845CE2003FB46F /* PopupView in Frameworks */ = {isa = PBXBuildFile; productRef = 687010082D845CE2003FB46F /* PopupView */; };
/* End PBXBuildFile section */

/* Begin PBXContainerItemProxy section */
		68A666B52D7EF78E00A04CBB /* PBXContainerItemProxy */ = {
			isa = PBXContainerItemProxy;
			containerPortal = 68A6669C2D7EF78B00A04CBB /* Project object */;
			proxyType = 1;
			remoteGlobalIDString = 68A666A32D7EF78B00A04CBB;
			remoteInfo = yobeondal;
		};
		68A666BF2D7EF78E00A04CBB /* PBXContainerItemProxy */ = {
			isa = PBXContainerItemProxy;
			containerPortal = 68A6669C2D7EF78B00A04CBB /* Project object */;
			proxyType = 1;
			remoteGlobalIDString = 68A666A32D7EF78B00A04CBB;
			remoteInfo = yobeondal;
		};
/* End PBXContainerItemProxy section */

/* Begin PBXFileReference section */
		68A666A42D7EF78B00A04CBB /* yobeondal.app */ = {isa = PBXFileReference; explicitFileType = wrapper.application; includeInIndex = 0; path = yobeondal.app; sourceTree = BUILT_PRODUCTS_DIR; };
		68A666B42D7EF78E00A04CBB /* yobeondalTests.xctest */ = {isa = PBXFileReference; explicitFileType = wrapper.cfbundle; includeInIndex = 0; path = yobeondalTests.xctest; sourceTree = BUILT_PRODUCTS_DIR; };
		68A666BE2D7EF78E00A04CBB /* yobeondalUITests.xctest */ = {isa = PBXFileReference; explicitFileType = wrapper.cfbundle; includeInIndex = 0; path = yobeondalUITests.xctest; sourceTree = BUILT_PRODUCTS_DIR; };
/* End PBXFileReference section */

/* Begin PBXFileSystemSynchronizedBuildFileExceptionSet section */
		68D103632D80743400A21D68 /* Exceptions for "yobeondal" folder in "yobeondal" target */ = {
			isa = PBXFileSystemSynchronizedBuildFileExceptionSet;
			membershipExceptions = (
				Info.plist,
			);
			target = 68A666A32D7EF78B00A04CBB /* yobeondal */;
		};
/* End PBXFileSystemSynchronizedBuildFileExceptionSet section */

/* Begin PBXFileSystemSynchronizedRootGroup section */
		68A666A62D7EF78B00A04CBB /* yobeondal */ = {
			isa = PBXFileSystemSynchronizedRootGroup;
			exceptions = (
				68D103632D80743400A21D68 /* Exceptions for "yobeondal" folder in "yobeondal" target */,
			);
			path = yobeondal;
			sourceTree = "<group>";
		};
		68A666B72D7EF78E00A04CBB /* yobeondalTests */ = {
			isa = PBXFileSystemSynchronizedRootGroup;
			path = yobeondalTests;
			sourceTree = "<group>";
		};
		68A666C12D7EF78E00A04CBB /* yobeondalUITests */ = {
			isa = PBXFileSystemSynchronizedRootGroup;
			path = yobeondalUITests;
			sourceTree = "<group>";
		};
/* End PBXFileSystemSynchronizedRootGroup section */

/* Begin PBXFrameworksBuildPhase section */
		68A666A12D7EF78B00A04CBB /* Frameworks */ = {
			isa = PBXFrameworksBuildPhase;
			buildActionMask = 2147483647;
			files = (
				687010092D845CE2003FB46F /* PopupView in Frameworks */,
			);
			runOnlyForDeploymentPostprocessing = 0;
		};
		68A666B12D7EF78E00A04CBB /* Frameworks */ = {
			isa = PBXFrameworksBuildPhase;
			buildActionMask = 2147483647;
			files = (
			);
			runOnlyForDeploymentPostprocessing = 0;
		};
		68A666BB2D7EF78E00A04CBB /* Frameworks */ = {
			isa = PBXFrameworksBuildPhase;
			buildActionMask = 2147483647;
			files = (
			);
			runOnlyForDeploymentPostprocessing = 0;
		};
/* End PBXFrameworksBuildPhase section */

/* Begin PBXGroup section */
		687010072D845CE2003FB46F /* Frameworks */ = {
			isa = PBXGroup;
			children = (
			);
			name = Frameworks;
			sourceTree = "<group>";
		};
		68A6669B2D7EF78B00A04CBB = {
			isa = PBXGroup;
			children = (
				68A666A62D7EF78B00A04CBB /* yobeondal */,
				68A666B72D7EF78E00A04CBB /* yobeondalTests */,
				68A666C12D7EF78E00A04CBB /* yobeondalUITests */,
				687010072D845CE2003FB46F /* Frameworks */,
				68A666A52D7EF78B00A04CBB /* Products */,
			);
			sourceTree = "<group>";
		};
		68A666A52D7EF78B00A04CBB /* Products */ = {
			isa = PBXGroup;
			children = (
				68A666A42D7EF78B00A04CBB /* yobeondal.app */,
				68A666B42D7EF78E00A04CBB /* yobeondalTests.xctest */,
				68A666BE2D7EF78E00A04CBB /* yobeondalUITests.xctest */,
			);
			name = Products;
			sourceTree = "<group>";
		};
/* End PBXGroup section */

/* Begin PBXNativeTarget section */
		68A666A32D7EF78B00A04CBB /* yobeondal */ = {
			isa = PBXNativeTarget;
			buildConfigurationList = 68A666C82D7EF78E00A04CBB /* Build configuration list for PBXNativeTarget "yobeondal" */;
			buildPhases = (
				68A666A02D7EF78B00A04CBB /* Sources */,
				68A666A12D7EF78B00A04CBB /* Frameworks */,
				68A666A22D7EF78B00A04CBB /* Resources */,
			);
			buildRules = (
			);
			dependencies = (
			);
			fileSystemSynchronizedGroups = (
				68A666A62D7EF78B00A04CBB /* yobeondal */,
			);
			name = yobeondal;
			packageProductDependencies = (
				687010082D845CE2003FB46F /* PopupView */,
			);
			productName = yobeondal;
			productReference = 68A666A42D7EF78B00A04CBB /* yobeondal.app */;
			productType = "com.apple.product-type.application";
		};
		68A666B32D7EF78E00A04CBB /* yobeondalTests */ = {
			isa = PBXNativeTarget;
			buildConfigurationList = 68A666CB2D7EF78E00A04CBB /* Build configuration list for PBXNativeTarget "yobeondalTests" */;
			buildPhases = (
				68A666B02D7EF78E00A04CBB /* Sources */,
				68A666B12D7EF78E00A04CBB /* Frameworks */,
				68A666B22D7EF78E00A04CBB /* Resources */,
			);
			buildRules = (
			);
			dependencies = (
				68A666B62D7EF78E00A04CBB /* PBXTargetDependency */,
			);
			fileSystemSynchronizedGroups = (
				68A666B72D7EF78E00A04CBB /* yobeondalTests */,
			);
			name = yobeondalTests;
			packageProductDependencies = (
			);
			productName = yobeondalTests;
			productReference = 68A666B42D7EF78E00A04CBB /* yobeondalTests.xctest */;
			productType = "com.apple.product-type.bundle.unit-test";
		};
		68A666BD2D7EF78E00A04CBB /* yobeondalUITests */ = {
			isa = PBXNativeTarget;
			buildConfigurationList = 68A666CE2D7EF78E00A04CBB /* Build configuration list for PBXNativeTarget "yobeondalUITests" */;
			buildPhases = (
				68A666BA2D7EF78E00A04CBB /* Sources */,
				68A666BB2D7EF78E00A04CBB /* Frameworks */,
				68A666BC2D7EF78E00A04CBB /* Resources */,
			);
			buildRules = (
			);
			dependencies = (
				68A666C02D7EF78E00A04CBB /* PBXTargetDependency */,
			);
			fileSystemSynchronizedGroups = (
				68A666C12D7EF78E00A04CBB /* yobeondalUITests */,
			);
			name = yobeondalUITests;
			packageProductDependencies = (
			);
			productName = yobeondalUITests;
			productReference = 68A666BE2D7EF78E00A04CBB /* yobeondalUITests.xctest */;
			productType = "com.apple.product-type.bundle.ui-testing";
		};
/* End PBXNativeTarget section */

/* Begin PBXProject section */
		68A6669C2D7EF78B00A04CBB /* Project object */ = {
			isa = PBXProject;
			attributes = {
				BuildIndependentTargetsInParallel = 1;
				LastSwiftUpdateCheck = 1620;
				LastUpgradeCheck = 1620;
				TargetAttributes = {
					68A666A32D7EF78B00A04CBB = {
						CreatedOnToolsVersion = 16.2;
					};
					68A666B32D7EF78E00A04CBB = {
						CreatedOnToolsVersion = 16.2;
						TestTargetID = 68A666A32D7EF78B00A04CBB;
					};
					68A666BD2D7EF78E00A04CBB = {
						CreatedOnToolsVersion = 16.2;
						TestTargetID = 68A666A32D7EF78B00A04CBB;
					};
				};
			};
			buildConfigurationList = 68A6669F2D7EF78B00A04CBB /* Build configuration list for PBXProject "yobeondal" */;
			developmentRegion = en;
			hasScannedForEncodings = 0;
			knownRegions = (
				en,
				Base,
			);
			mainGroup = 68A6669B2D7EF78B00A04CBB;
			minimizedProjectReferenceProxies = 1;
			packageReferences = (
				680BF2C62D844FD30048580A /* XCRemoteSwiftPackageReference "PopupView" */,
			);
			preferredProjectObjectVersion = 77;
			productRefGroup = 68A666A52D7EF78B00A04CBB /* Products */;
			projectDirPath = "";
			projectRoot = "";
			targets = (
				68A666A32D7EF78B00A04CBB /* yobeondal */,
				68A666B32D7EF78E00A04CBB /* yobeondalTests */,
				68A666BD2D7EF78E00A04CBB /* yobeondalUITests */,
			);
		};
/* End PBXProject section */

/* Begin PBXResourcesBuildPhase section */
		68A666A22D7EF78B00A04CBB /* Resources */ = {
			isa = PBXResourcesBuildPhase;
			buildActionMask = 2147483647;
			files = (
			);
			runOnlyForDeploymentPostprocessing = 0;
		};
		68A666B22D7EF78E00A04CBB /* Resources */ = {
			isa = PBXResourcesBuildPhase;
			buildActionMask = 2147483647;
			files = (
			);
			runOnlyForDeploymentPostprocessing = 0;
		};
		68A666BC2D7EF78E00A04CBB /* Resources */ = {
			isa = PBXResourcesBuildPhase;
			buildActionMask = 2147483647;
			files = (
			);
			runOnlyForDeploymentPostprocessing = 0;
		};
/* End PBXResourcesBuildPhase section */

/* Begin PBXSourcesBuildPhase section */
		68A666A02D7EF78B00A04CBB /* Sources */ = {
			isa = PBXSourcesBuildPhase;
			buildActionMask = 2147483647;
			files = (
			);
			runOnlyForDeploymentPostprocessing = 0;
		};
		68A666B02D7EF78E00A04CBB /* Sources */ = {
			isa = PBXSourcesBuildPhase;
			buildActionMask = 2147483647;
			files = (
			);
			runOnlyForDeploymentPostprocessing = 0;
		};
		68A666BA2D7EF78E00A04CBB /* Sources */ = {
			isa = PBXSourcesBuildPhase;
			buildActionMask = 2147483647;
			files = (
			);
			runOnlyForDeploymentPostprocessing = 0;
		};
/* End PBXSourcesBuildPhase section */

/* Begin PBXTargetDependency section */
		68A666B62D7EF78E00A04CBB /* PBXTargetDependency */ = {
			isa = PBXTargetDependency;
			target = 68A666A32D7EF78B00A04CBB /* yobeondal */;
			targetProxy = 68A666B52D7EF78E00A04CBB /* PBXContainerItemProxy */;
		};
		68A666C02D7EF78E00A04CBB /* PBXTargetDependency */ = {
			isa = PBXTargetDependency;
			target = 68A666A32D7EF78B00A04CBB /* yobeondal */;
			targetProxy = 68A666BF2D7EF78E00A04CBB /* PBXContainerItemProxy */;
		};
/* End PBXTargetDependency section */

/* Begin XCBuildConfiguration section */
		68A666C62D7EF78E00A04CBB /* Debug */ = {
			isa = XCBuildConfiguration;
			buildSettings = {
				ALWAYS_SEARCH_USER_PATHS = NO;
				ASSETCATALOG_COMPILER_GENERATE_SWIFT_ASSET_SYMBOL_EXTENSIONS = YES;
				CLANG_ANALYZER_NONNULL = YES;
				CLANG_ANALYZER_NUMBER_OBJECT_CONVERSION = YES_AGGRESSIVE;
				CLANG_CXX_LANGUAGE_STANDARD = "gnu++20";
				CLANG_ENABLE_MODULES = YES;
				CLANG_ENABLE_OBJC_ARC = YES;
				CLANG_ENABLE_OBJC_WEAK = YES;
				CLANG_WARN_BLOCK_CAPTURE_AUTORELEASING = YES;
				CLANG_WARN_BOOL_CONVERSION = YES;
				CLANG_WARN_COMMA = YES;
				CLANG_WARN_CONSTANT_CONVERSION = YES;
				CLANG_WARN_DEPRECATED_OBJC_IMPLEMENTATIONS = YES;
				CLANG_WARN_DIRECT_OBJC_ISA_USAGE = YES_ERROR;
				CLANG_WARN_DOCUMENTATION_COMMENTS = YES;
				CLANG_WARN_EMPTY_BODY = YES;
				CLANG_WARN_ENUM_CONVERSION = YES;
				CLANG_WARN_INFINITE_RECURSION = YES;
				CLANG_WARN_INT_CONVERSION = YES;
				CLANG_WARN_NON_LITERAL_NULL_CONVERSION = YES;
				CLANG_WARN_OBJC_IMPLICIT_RETAIN_SELF = YES;
				CLANG_WARN_OBJC_LITERAL_CONVERSION = YES;
				CLANG_WARN_OBJC_ROOT_CLASS = YES_ERROR;
				CLANG_WARN_QUOTED_INCLUDE_IN_FRAMEWORK_HEADER = YES;
				CLANG_WARN_RANGE_LOOP_ANALYSIS = YES;
				CLANG_WARN_STRICT_PROTOTYPES = YES;
				CLANG_WARN_SUSPICIOUS_MOVE = YES;
				CLANG_WARN_UNGUARDED_AVAILABILITY = YES_AGGRESSIVE;
				CLANG_WARN_UNREACHABLE_CODE = YES;
				CLANG_WARN__DUPLICATE_METHOD_MATCH = YES;
				COPY_PHASE_STRIP = NO;
				DEBUG_INFORMATION_FORMAT = dwarf;
				ENABLE_STRICT_OBJC_MSGSEND = YES;
				ENABLE_TESTABILITY = YES;
				ENABLE_USER_SCRIPT_SANDBOXING = YES;
				GCC_C_LANGUAGE_STANDARD = gnu17;
				GCC_DYNAMIC_NO_PIC = NO;
				GCC_NO_COMMON_BLOCKS = YES;
				GCC_OPTIMIZATION_LEVEL = 0;
				GCC_PREPROCESSOR_DEFINITIONS = (
					"DEBUG=1",
					"$(inherited)",
				);
				GCC_WARN_64_TO_32_BIT_CONVERSION = YES;
				GCC_WARN_ABOUT_RETURN_TYPE = YES_ERROR;
				GCC_WARN_UNDECLARED_SELECTOR = YES;
				GCC_WARN_UNINITIALIZED_AUTOS = YES_AGGRESSIVE;
				GCC_WARN_UNUSED_FUNCTION = YES;
				GCC_WARN_UNUSED_VARIABLE = YES;
				INFOPLIST_FILE = yobeondal/Info.plist;
				IPHONEOS_DEPLOYMENT_TARGET = 18.2;
				LOCALIZATION_PREFERS_STRING_CATALOGS = YES;
				MTL_ENABLE_DEBUG_INFO = INCLUDE_SOURCE;
				MTL_FAST_MATH = YES;
				ONLY_ACTIVE_ARCH = YES;
				SDKROOT = iphoneos;
				SWIFT_ACTIVE_COMPILATION_CONDITIONS = "DEBUG $(inherited)";
				SWIFT_OPTIMIZATION_LEVEL = "-Onone";
			};
			name = Debug;
		};
		68A666C72D7EF78E00A04CBB /* Release */ = {
			isa = XCBuildConfiguration;
			buildSettings = {
				ALWAYS_SEARCH_USER_PATHS = NO;
				ASSETCATALOG_COMPILER_GENERATE_SWIFT_ASSET_SYMBOL_EXTENSIONS = YES;
				CLANG_ANALYZER_NONNULL = YES;
				CLANG_ANALYZER_NUMBER_OBJECT_CONVERSION = YES_AGGRESSIVE;
				CLANG_CXX_LANGUAGE_STANDARD = "gnu++20";
				CLANG_ENABLE_MODULES = YES;
				CLANG_ENABLE_OBJC_ARC = YES;
				CLANG_ENABLE_OBJC_WEAK = YES;
				CLANG_WARN_BLOCK_CAPTURE_AUTORELEASING = YES;
				CLANG_WARN_BOOL_CONVERSION = YES;
				CLANG_WARN_COMMA = YES;
				CLANG_WARN_CONSTANT_CONVERSION = YES;
				CLANG_WARN_DEPRECATED_OBJC_IMPLEMENTATIONS = YES;
				CLANG_WARN_DIRECT_OBJC_ISA_USAGE = YES_ERROR;
				CLANG_WARN_DOCUMENTATION_COMMENTS = YES;
				CLANG_WARN_EMPTY_BODY = YES;
				CLANG_WARN_ENUM_CONVERSION = YES;
				CLANG_WARN_INFINITE_RECURSION = YES;
				CLANG_WARN_INT_CONVERSION = YES;
				CLANG_WARN_NON_LITERAL_NULL_CONVERSION = YES;
				CLANG_WARN_OBJC_IMPLICIT_RETAIN_SELF = YES;
				CLANG_WARN_OBJC_LITERAL_CONVERSION = YES;
				CLANG_WARN_OBJC_ROOT_CLASS = YES_ERROR;
				CLANG_WARN_QUOTED_INCLUDE_IN_FRAMEWORK_HEADER = YES;
				CLANG_WARN_RANGE_LOOP_ANALYSIS = YES;
				CLANG_WARN_STRICT_PROTOTYPES = YES;
				CLANG_WARN_SUSPICIOUS_MOVE = YES;
				CLANG_WARN_UNGUARDED_AVAILABILITY = YES_AGGRESSIVE;
				CLANG_WARN_UNREACHABLE_CODE = YES;
				CLANG_WARN__DUPLICATE_METHOD_MATCH = YES;
				COPY_PHASE_STRIP = NO;
				DEBUG_INFORMATION_FORMAT = "dwarf-with-dsym";
				ENABLE_NS_ASSERTIONS = NO;
				ENABLE_STRICT_OBJC_MSGSEND = YES;
				ENABLE_USER_SCRIPT_SANDBOXING = YES;
				GCC_C_LANGUAGE_STANDARD = gnu17;
				GCC_NO_COMMON_BLOCKS = YES;
				GCC_WARN_64_TO_32_BIT_CONVERSION = YES;
				GCC_WARN_ABOUT_RETURN_TYPE = YES_ERROR;
				GCC_WARN_UNDECLARED_SELECTOR = YES;
				GCC_WARN_UNINITIALIZED_AUTOS = YES_AGGRESSIVE;
				GCC_WARN_UNUSED_FUNCTION = YES;
				GCC_WARN_UNUSED_VARIABLE = YES;
				INFOPLIST_FILE = yobeondal/Info.plist;
				IPHONEOS_DEPLOYMENT_TARGET = 18.2;
				LOCALIZATION_PREFERS_STRING_CATALOGS = YES;
				MTL_ENABLE_DEBUG_INFO = NO;
				MTL_FAST_MATH = YES;
				SDKROOT = iphoneos;
				SWIFT_COMPILATION_MODE = wholemodule;
				VALIDATE_PRODUCT = YES;
			};
			name = Release;
		};
		68A666C92D7EF78E00A04CBB /* Debug */ = {
			isa = XCBuildConfiguration;
			buildSettings = {
				ASSETCATALOG_COMPILER_APPICON_NAME = AppIcon;
				ASSETCATALOG_COMPILER_GLOBAL_ACCENT_COLOR_NAME = AccentColor;
				"CODE_SIGN_IDENTITY[sdk=iphoneos*]" = "iPhone Distribution";
				CODE_SIGN_STYLE = Manual;
				CURRENT_PROJECT_VERSION = 1;
				DEVELOPMENT_ASSET_PATHS = "\"yobeondal/Preview Content\"";
				DEVELOPMENT_TEAM = "";
				"DEVELOPMENT_TEAM[sdk=iphoneos*]" = L8KMTZHS9Q;
				ENABLE_PREVIEWS = YES;
				GENERATE_INFOPLIST_FILE = YES;
				INFOPLIST_FILE = yobeondal/Info.plist;
				INFOPLIST_KEY_LSApplicationCategoryType = "";
				INFOPLIST_KEY_UIApplicationSceneManifest_Generation = YES;
				INFOPLIST_KEY_UIApplicationSupportsIndirectInputEvents = YES;
				INFOPLIST_KEY_UILaunchScreen_Generation = YES;
				INFOPLIST_KEY_UISupportedInterfaceOrientations_iPad = "UIInterfaceOrientationPortrait UIInterfaceOrientationPortraitUpsideDown UIInterfaceOrientationLandscapeLeft UIInterfaceOrientationLandscapeRight";
				INFOPLIST_KEY_UISupportedInterfaceOrientations_iPhone = "UIInterfaceOrientationPortrait UIInterfaceOrientationLandscapeLeft UIInterfaceOrientationLandscapeRight";
				IPHONEOS_DEPLOYMENT_TARGET = 18.1;
				LD_RUNPATH_SEARCH_PATHS = (
					"$(inherited)",
					"@executable_path/Frameworks",
				);
				MARKETING_VERSION = 1.0;
				PRODUCT_BUNDLE_IDENTIFIER = me.rockintuna.yobeondal;
				PRODUCT_NAME = "$(TARGET_NAME)";
				PROVISIONING_PROFILE_SPECIFIER = "";
				"PROVISIONING_PROFILE_SPECIFIER[sdk=iphoneos*]" = "Ad Hoc yobeondal new";
				SWIFT_EMIT_LOC_STRINGS = YES;
				SWIFT_VERSION = 5.0;
				TARGETED_DEVICE_FAMILY = "1,2";
			};
			name = Debug;
		};
		68A666CA2D7EF78E00A04CBB /* Release */ = {
			isa = XCBuildConfiguration;
			buildSettings = {
				ASSETCATALOG_COMPILER_APPICON_NAME = AppIcon;
				ASSETCATALOG_COMPILER_GLOBAL_ACCENT_COLOR_NAME = AccentColor;
				"CODE_SIGN_IDENTITY[sdk=iphoneos*]" = "iPhone Distribution";
				CODE_SIGN_STYLE = Manual;
				CURRENT_PROJECT_VERSION = 1;
				DEVELOPMENT_ASSET_PATHS = "\"yobeondal/Preview Content\"";
				DEVELOPMENT_TEAM = "";
				"DEVELOPMENT_TEAM[sdk=iphoneos*]" = L8KMTZHS9Q;
				ENABLE_PREVIEWS = YES;
				GENERATE_INFOPLIST_FILE = YES;
				INFOPLIST_FILE = yobeondal/Info.plist;
				INFOPLIST_KEY_LSApplicationCategoryType = "";
				INFOPLIST_KEY_UIApplicationSceneManifest_Generation = YES;
				INFOPLIST_KEY_UIApplicationSupportsIndirectInputEvents = YES;
				INFOPLIST_KEY_UILaunchScreen_Generation = YES;
				INFOPLIST_KEY_UISupportedInterfaceOrientations_iPad = "UIInterfaceOrientationPortrait UIInterfaceOrientationPortraitUpsideDown UIInterfaceOrientationLandscapeLeft UIInterfaceOrientationLandscapeRight";
				INFOPLIST_KEY_UISupportedInterfaceOrientations_iPhone = "UIInterfaceOrientationPortrait UIInterfaceOrientationLandscapeLeft UIInterfaceOrientationLandscapeRight";
				IPHONEOS_DEPLOYMENT_TARGET = 18.1;
				LD_RUNPATH_SEARCH_PATHS = (
					"$(inherited)",
					"@executable_path/Frameworks",
				);
				MARKETING_VERSION = 1.0;
				PRODUCT_BUNDLE_IDENTIFIER = me.rockintuna.yobeondal;
				PRODUCT_NAME = "$(TARGET_NAME)";
				PROVISIONING_PROFILE_SPECIFIER = "";
				"PROVISIONING_PROFILE_SPECIFIER[sdk=iphoneos*]" = "Ad Hoc yobeondal new";
				SWIFT_EMIT_LOC_STRINGS = YES;
				SWIFT_VERSION = 5.0;
				TARGETED_DEVICE_FAMILY = "1,2";
			};
			name = Release;
		};
		68A666CC2D7EF78E00A04CBB /* Debug */ = {
			isa = XCBuildConfiguration;
			buildSettings = {
				BUNDLE_LOADER = "$(TEST_HOST)";
				CODE_SIGN_STYLE = Automatic;
				CURRENT_PROJECT_VERSION = 1;
				DEVELOPMENT_TEAM = Z4FP2J2NRQ;
				GENERATE_INFOPLIST_FILE = YES;
				IPHONEOS_DEPLOYMENT_TARGET = 18.2;
				MARKETING_VERSION = 1.0;
				PRODUCT_BUNDLE_IDENTIFIER = me.rockintuna.yobeondalTests;
				PRODUCT_NAME = "$(TARGET_NAME)";
				SWIFT_EMIT_LOC_STRINGS = NO;
				SWIFT_VERSION = 5.0;
				TARGETED_DEVICE_FAMILY = "1,2";
				TEST_HOST = "$(BUILT_PRODUCTS_DIR)/yobeondal.app/$(BUNDLE_EXECUTABLE_FOLDER_PATH)/yobeondal";
			};
			name = Debug;
		};
		68A666CD2D7EF78E00A04CBB /* Release */ = {
			isa = XCBuildConfiguration;
			buildSettings = {
				BUNDLE_LOADER = "$(TEST_HOST)";
				CODE_SIGN_STYLE = Automatic;
				CURRENT_PROJECT_VERSION = 1;
				DEVELOPMENT_TEAM = Z4FP2J2NRQ;
				GENERATE_INFOPLIST_FILE = YES;
				IPHONEOS_DEPLOYMENT_TARGET = 18.2;
				MARKETING_VERSION = 1.0;
				PRODUCT_BUNDLE_IDENTIFIER = me.rockintuna.yobeondalTests;
				PRODUCT_NAME = "$(TARGET_NAME)";
				SWIFT_EMIT_LOC_STRINGS = NO;
				SWIFT_VERSION = 5.0;
				TARGETED_DEVICE_FAMILY = "1,2";
				TEST_HOST = "$(BUILT_PRODUCTS_DIR)/yobeondal.app/$(BUNDLE_EXECUTABLE_FOLDER_PATH)/yobeondal";
			};
			name = Release;
		};
		68A666CF2D7EF78E00A04CBB /* Debug */ = {
			isa = XCBuildConfiguration;
			buildSettings = {
				CODE_SIGN_STYLE = Automatic;
				CURRENT_PROJECT_VERSION = 1;
				DEVELOPMENT_TEAM = Z4FP2J2NRQ;
				GENERATE_INFOPLIST_FILE = YES;
				MARKETING_VERSION = 1.0;
				PRODUCT_BUNDLE_IDENTIFIER = me.rockintuna.yobeondalUITests;
				PRODUCT_NAME = "$(TARGET_NAME)";
				SWIFT_EMIT_LOC_STRINGS = NO;
				SWIFT_VERSION = 5.0;
				TARGETED_DEVICE_FAMILY = "1,2";
				TEST_TARGET_NAME = yobeondal;
			};
			name = Debug;
		};
		68A666D02D7EF78E00A04CBB /* Release */ = {
			isa = XCBuildConfiguration;
			buildSettings = {
				CODE_SIGN_STYLE = Automatic;
				CURRENT_PROJECT_VERSION = 1;
				DEVELOPMENT_TEAM = Z4FP2J2NRQ;
				GENERATE_INFOPLIST_FILE = YES;
				MARKETING_VERSION = 1.0;
				PRODUCT_BUNDLE_IDENTIFIER = me.rockintuna.yobeondalUITests;
				PRODUCT_NAME = "$(TARGET_NAME)";
				SWIFT_EMIT_LOC_STRINGS = NO;
				SWIFT_VERSION = 5.0;
				TARGETED_DEVICE_FAMILY = "1,2";
				TEST_TARGET_NAME = yobeondal;
			};
			name = Release;
		};
/* End XCBuildConfiguration section */

/* Begin XCConfigurationList section */
		68A6669F2D7EF78B00A04CBB /* Build configuration list for PBXProject "yobeondal" */ = {
			isa = XCConfigurationList;
			buildConfigurations = (
				68A666C62D7EF78E00A04CBB /* Debug */,
				68A666C72D7EF78E00A04CBB /* Release */,
			);
			defaultConfigurationIsVisible = 0;
			defaultConfigurationName = Release;
		};
		68A666C82D7EF78E00A04CBB /* Build configuration list for PBXNativeTarget "yobeondal" */ = {
			isa = XCConfigurationList;
			buildConfigurations = (
				68A666C92D7EF78E00A04CBB /* Debug */,
				68A666CA2D7EF78E00A04CBB /* Release */,
			);
			defaultConfigurationIsVisible = 0;
			defaultConfigurationName = Release;
		};
		68A666CB2D7EF78E00A04CBB /* Build configuration list for PBXNativeTarget "yobeondalTests" */ = {
			isa = XCConfigurationList;
			buildConfigurations = (
				68A666CC2D7EF78E00A04CBB /* Debug */,
				68A666CD2D7EF78E00A04CBB /* Release */,
			);
			defaultConfigurationIsVisible = 0;
			defaultConfigurationName = Release;
		};
		68A666CE2D7EF78E00A04CBB /* Build configuration list for PBXNativeTarget "yobeondalUITests" */ = {
			isa = XCConfigurationList;
			buildConfigurations = (
				68A666CF2D7EF78E00A04CBB /* Debug */,
				68A666D02D7EF78E00A04CBB /* Release */,
			);
			defaultConfigurationIsVisible = 0;
			defaultConfigurationName = Release;
		};
/* End XCConfigurationList section */

/* Begin XCRemoteSwiftPackageReference section */
		680BF2C62D844FD30048580A /* XCRemoteSwiftPackageReference "PopupView" */ = {
			isa = XCRemoteSwiftPackageReference;
			repositoryURL = "https://github.com/exyte/PopupView.git";
			requirement = {
				kind = upToNextMinorVersion;
				minimumVersion = 4.0.2;
			};
		};
/* End XCRemoteSwiftPackageReference section */

/* Begin XCSwiftPackageProductDependency section */
		687010082D845CE2003FB46F /* PopupView */ = {
			isa = XCSwiftPackageProductDependency;
			package = 680BF2C62D844FD30048580A /* XCRemoteSwiftPackageReference "PopupView" */;
			productName = PopupView;
		};
/* End XCSwiftPackageProductDependency section */
	};
	rootObject = 68A6669C2D7EF78B00A04CBB /* Project object */;
}
